
Microsoft Visual Studio Solution File, Format Version 12.00
# Visual Studio Version 17
VisualStudioVersion = 17.0.32126.317
MinimumVisualStudioVersion = 10.0.40219.1
Project("{FAE04EC0-301F-11D3-BF4B-00C04F79EFBC}") = "NumberLinesCopy", "NumberLinesCopy\NumberLinesCopy.csproj", "{7B56D2AF-699E-4D33-BBDB-090F089B3458}"
EndProject
Global
	GlobalSection(SolutionConfigurationPlatforms) = preSolution
		Debug|Any CPU = Debug|Any CPU
		Debug|x86 = Debug|x86
		Release|Any CPU = Release|Any CPU
		Release|x86 = Release|x86
	EndGlobalSection
	GlobalSection(ProjectConfigurationPlatforms) = postSolution
		{7B56D2AF-699E-4D33-BBDB-090F089B3458}.Debug|Any CPU.ActiveCfg = Debug|Any CPU
		{7B56D2AF-699E-4D33-BBDB-090F089B3458}.Debug|Any CPU.Build.0 = Debug|Any CPU
		{7B56D2AF-699E-4D33-BBDB-090F089B3458}.Debug|x86.ActiveCfg = Debug|x86
		{7B56D2AF-699E-4D33-BBDB-090F089B3458}.Debug|x86.Build.0 = Debug|x86
		{7B56D2AF-699E-4D33-BBDB-090F089B3458}.Release|Any CPU.ActiveCfg = Release|Any CPU
		{7B56D2AF-699E-4D33-BBDB-090F089B3458}.Release|Any CPU.Build.0 = Release|Any CPU
		{7B56D2AF-699E-4D33-BBDB-090F089B3458}.Release|x86.ActiveCfg = Release|x86
		{7B56D2AF-699E-4D33-BBDB-090F089B3458}.Release|x86.Build.0 = Release|x86
	EndGlobalSection
	GlobalSection(SolutionProperties) = preSolution
		HideSolutionNode = FALSE
	EndGlobalSection
	GlobalSection(ExtensibilityGlobals) = postSolution
		SolutionGuid = {B3BE6B34-7850-4784-8AE1-0B68AC9C75E9}
	EndGlobalSection
EndGlobal
